
Microsoft Visual Studio Solution File, Format Version 12.00
# Visual Studio 14
VisualStudioVersion = 14.0.25420.1
MinimumVisualStudioVersion = 10.0.40219.1
Project("{FAE04EC0-301F-11D3-BF4B-00C04F79EFBC}") = "ImageLibrary", "ImageLibrary\ImageLibrary.csproj", "{DA1C7394-36DF-49FB-8411-77657F49988A}"
EndProject
Project("{FAE04EC0-301F-11D3-BF4B-00C04F79EFBC}") = "ImageLibraryTest", "ImageLibraryTest\ImageLibraryTest.csproj", "{87F6CFF9-888E-465F-A40D-5608E697837D}"
EndProject
Global
	GlobalSection(SolutionConfigurationPlatforms) = preSolution
		Debug|Any CPU = Debug|Any CPU
		Release|Any CPU = Release|Any CPU
	EndGlobalSection
	GlobalSection(ProjectConfigurationPlatforms) = postSolution
		{DA1C7394-36DF-49FB-8411-77657F49988A}.Debug|Any CPU.ActiveCfg = Debug|Any CPU
		{DA1C7394-36DF-49FB-8411-77657F49988A}.Debug|Any CPU.Build.0 = Debug|Any CPU
		{DA1C7394-36DF-49FB-8411-77657F49988A}.Release|Any CPU.ActiveCfg = Release|Any CPU
		{DA1C7394-36DF-49FB-8411-77657F49988A}.Release|Any CPU.Build.0 = Release|Any CPU
		{87F6CFF9-888E-465F-A40D-5608E697837D}.Debug|Any CPU.ActiveCfg = Debug|Any CPU
		{87F6CFF9-888E-465F-A40D-5608E697837D}.Debug|Any CPU.Build.0 = Debug|Any CPU
		{87F6CFF9-888E-465F-A40D-5608E697837D}.Release|Any CPU.ActiveCfg = Release|Any CPU
		{87F6CFF9-888E-465F-A40D-5608E697837D}.Release|Any CPU.Build.0 = Release|Any CPU
	EndGlobalSection
	GlobalSection(SolutionProperties) = preSolution
		HideSolutionNode = FALSE
	EndGlobalSection
EndGlobal
